
Microsoft Visual Studio Solution File, Format Version 12.00
# Visual Studio Version 17
VisualStudioVersion = 17.8.34309.116
MinimumVisualStudioVersion = 10.0.40219.1
Project("{FAE04EC0-301F-11D3-BF4B-00C04F79EFBC}") = "SysProgProjekat2", "SysProgProjekat2\SysProgProjekat2.csproj", "{F6AFA5AB-982E-4C41-9CBC-2078BC613B9D}"
EndProject
Global
	GlobalSection(SolutionConfigurationPlatforms) = preSolution
		Debug|Any CPU = Debug|Any CPU
		Release|Any CPU = Release|Any CPU
	EndGlobalSection
	GlobalSection(ProjectConfigurationPlatforms) = postSolution
		{F6AFA5AB-982E-4C41-9CBC-2078BC613B9D}.Debug|Any CPU.ActiveCfg = Debug|Any CPU
		{F6AFA5AB-982E-4C41-9CBC-2078BC613B9D}.Debug|Any CPU.Build.0 = Debug|Any CPU
		{F6AFA5AB-982E-4C41-9CBC-2078BC613B9D}.Release|Any CPU.ActiveCfg = Release|Any CPU
		{F6AFA5AB-982E-4C41-9CBC-2078BC613B9D}.Release|Any CPU.Build.0 = Release|Any CPU
	EndGlobalSection
	GlobalSection(SolutionProperties) = preSolution
		HideSolutionNode = FALSE
	EndGlobalSection
	GlobalSection(ExtensibilityGlobals) = postSolution
		SolutionGuid = {B57F9310-7567-422A-AFD1-9D5771A380CA}
	EndGlobalSection
EndGlobal
